// !$*UTF8*$!
{
	archiveVersion = 1;
	classes = {
	};
	objectVersion = 77;
	objects = {

/* Begin PBXBuildFile section */
		0C6663052F5351150084DE6C /* MWDATCamera in Frameworks */ = {isa = PBXBuildFile; productRef = 0C6663042F5351150084DE6C /* MWDATCamera */; };
		0C6663072F5351150084DE6C /* MWDATCore in Frameworks */ = {isa = PBXBuildFile; productRef = 0C6663062F5351150084DE6C /* MWDATCore */; };
/* End PBXBuildFile section */

/* Begin PBXFileReference section */
		0C6662DC2F534F350084DE6C /* PortWorld.app */ = {isa = PBXFileReference; explicitFileType = wrapper.application; includeInIndex = 0; path = PortWorld.app; sourceTree = BUILT_PRODUCTS_DIR; };
		0C66630A2F5353540084DE6C /* Info.plist */ = {isa = PBXFileReference; lastKnownFileType = text.plist.xml; path = Info.plist; sourceTree = "<group>"; };
		0C66635A2F535F2D0084DE6C /* PortWorld.entitlements */ = {isa = PBXFileReference; lastKnownFileType = text.plist.entitlements; path = PortWorld.entitlements; sourceTree = "<group>"; };
		0C66636B2F5361000084DE6C /* Debug.xcconfig */ = {isa = PBXFileReference; lastKnownFileType = text.xcconfig; path = Debug.xcconfig; sourceTree = "<group>"; };
		0C66636C2F5361000084DE6C /* Release.xcconfig */ = {isa = PBXFileReference; lastKnownFileType = text.xcconfig; path = Release.xcconfig; sourceTree = "<group>"; };
		0C66636D2F5361000084DE6C /* Config.xcconfig.template */ = {isa = PBXFileReference; lastKnownFileType = text; path = Config.xcconfig.template; sourceTree = "<group>"; };
		0C70BA9C2F5B5CCB0056D629 /* RuntimeCoordinator.swift */ = {isa = PBXFileReference; lastKnownFileType = sourcecode.swift; path = RuntimeCoordinator.swift; sourceTree = "<group>"; };
		0C70BA9F2F5B5CCB0056D629 /* GatewayTransport.swift */ = {isa = PBXFileReference; lastKnownFileType = sourcecode.swift; path = GatewayTransport.swift; sourceTree = "<group>"; };
		0C70BAA02F5B5CCB0056D629 /* RealtimeTransport.swift */ = {isa = PBXFileReference; lastKnownFileType = sourcecode.swift; path = RealtimeTransport.swift; sourceTree = "<group>"; };
		0C70BAA72F5B5CCB0056D629 /* RollingVideoBuffer.swift */ = {isa = PBXFileReference; lastKnownFileType = sourcecode.swift; path = RollingVideoBuffer.swift; sourceTree = "<group>"; };
		0C70BAAB2F5B5CCB0056D629 /* SessionOrchestrator.swift */ = {isa = PBXFileReference; lastKnownFileType = sourcecode.swift; path = SessionOrchestrator.swift; sourceTree = "<group>"; };
		0C70BAAD2F5B5CCB0056D629 /* VisionFrameUploader.swift */ = {isa = PBXFileReference; lastKnownFileType = sourcecode.swift; path = VisionFrameUploader.swift; sourceTree = "<group>"; };
		0C70BAB42F5B5CCB0056D629 /* SessionStateStore.swift */ = {isa = PBXFileReference; lastKnownFileType = sourcecode.swift; path = SessionStateStore.swift; sourceTree = "<group>"; };
		0C70BAB52F5B5CCB0056D629 /* SessionViewModel.swift */ = {isa = PBXFileReference; lastKnownFileType = sourcecode.swift; path = SessionViewModel.swift; sourceTree = "<group>"; };
		0C70BABE2F5B5CCB0056D629 /* NonStreamView.swift */ = {isa = PBXFileReference; lastKnownFileType = sourcecode.swift; path = NonStreamView.swift; sourceTree = "<group>"; };
		0C70BAC02F5B5CCB0056D629 /* StreamSessionView.swift */ = {isa = PBXFileReference; lastKnownFileType = sourcecode.swift; path = StreamSessionView.swift; sourceTree = "<group>"; };
		0C70BAC12F5B5CCB0056D629 /* StreamView.swift */ = {isa = PBXFileReference; lastKnownFileType = sourcecode.swift; path = StreamView.swift; sourceTree = "<group>"; };
/* End PBXFileReference section */

/* Begin PBXFileSystemSynchronizedRootGroup section */
		0C6662DE2F534F350084DE6C /* PortWorld */ = {
			isa = PBXFileSystemSynchronizedRootGroup;
			path = PortWorld;
			sourceTree = "<group>";
		};
/* End PBXFileSystemSynchronizedRootGroup section */

/* Begin PBXFrameworksBuildPhase section */
		0C6662D92F534F350084DE6C /* Frameworks */ = {
			isa = PBXFrameworksBuildPhase;
			buildActionMask = 2147483647;
			files = (
				0C6663052F5351150084DE6C /* MWDATCamera in Frameworks */,
				0C6663072F5351150084DE6C /* MWDATCore in Frameworks */,
			);
			runOnlyForDeploymentPostprocessing = 0;
		};
/* End PBXFrameworksBuildPhase section */

/* Begin PBXGroup section */
		0C6662D32F534F350084DE6C = {
			isa = PBXGroup;
			children = (
				0C6662DE2F534F350084DE6C /* PortWorld */,
				0C6662DD2F534F350084DE6C /* Products */,
				0C66636E2F5361000084DE6C /* Config */,
				0C66630A2F5353540084DE6C /* Info.plist */,
				0C66635A2F535F2D0084DE6C /* PortWorld.entitlements */,
				0C70BAFA2F5B9FC70056D629 /* Legacy */,
			);
			sourceTree = "<group>";
		};
		0C6662DD2F534F350084DE6C /* Products */ = {
			isa = PBXGroup;
			children = (
				0C6662DC2F534F350084DE6C /* PortWorld.app */,
			);
			name = Products;
			sourceTree = "<group>";
		};
		0C66636E2F5361000084DE6C /* Config */ = {
			isa = PBXGroup;
			children = (
				0C66636B2F5361000084DE6C /* Debug.xcconfig */,
				0C66636C2F5361000084DE6C /* Release.xcconfig */,
				0C66636D2F5361000084DE6C /* Config.xcconfig.template */,
			);
			path = Config;
			sourceTree = "<group>";
		};
		0C70BAFA2F5B9FC70056D629 /* Legacy */ = {
			isa = PBXGroup;
			children = (
				0C70BAFB2F5B9FCC0056D629 /* AssistantRuntime */,
			);
			path = Legacy;
			sourceTree = "<group>";
		};
		0C70BAFB2F5B9FCC0056D629 /* AssistantRuntime */ = {
			isa = PBXGroup;
			children = (
				0C70BAFC2F5B9FCC0056D629 /* Views */,
				0C70BAFD2F5B9FCC0056D629 /* ViewModels */,
				0C70BAFE2F5B9FCC0056D629 /* Coordinators */,
				0C70BAFF2F5B9FCC0056D629 /* Runtime */,
			);
			path = AssistantRuntime;
			sourceTree = "<group>";
		};
		0C70BAFC2F5B9FCC0056D629 /* Views */ = {
			isa = PBXGroup;
			children = (
				0C70BAC02F5B5CCB0056D629 /* StreamSessionView.swift */,
				0C70BAC12F5B5CCB0056D629 /* StreamView.swift */,
				0C70BABE2F5B5CCB0056D629 /* NonStreamView.swift */,
			);
			path = Views;
			sourceTree = "<group>";
		};
		0C70BAFD2F5B9FCC0056D629 /* ViewModels */ = {
			isa = PBXGroup;
			children = (
				0C70BAB52F5B5CCB0056D629 /* SessionViewModel.swift */,
				0C70BAB42F5B5CCB0056D629 /* SessionStateStore.swift */,
			);
			path = ViewModels;
			sourceTree = "<group>";
		};
		0C70BAFE2F5B9FCC0056D629 /* Coordinators */ = {
			isa = PBXGroup;
			children = (
				0C70BA9C2F5B5CCB0056D629 /* RuntimeCoordinator.swift */,
			);
			path = Coordinators;
			sourceTree = "<group>";
		};
		0C70BAFF2F5B9FCC0056D629 /* Runtime */ = {
			isa = PBXGroup;
			children = (
				0C70BAAB2F5B5CCB0056D629 /* SessionOrchestrator.swift */,
				0C70BB002F5BA03E0056D629 /* Transport */,
				0C70BAAD2F5B5CCB0056D629 /* VisionFrameUploader.swift */,
				0C70BAA72F5B5CCB0056D629 /* RollingVideoBuffer.swift */,
			);
			path = Runtime;
			sourceTree = "<group>";
		};
		0C70BB002F5BA03E0056D629 /* Transport */ = {
			isa = PBXGroup;
			children = (
				0C70BA9F2F5B5CCB0056D629 /* GatewayTransport.swift */,
				0C70BAA02F5B5CCB0056D629 /* RealtimeTransport.swift */,
			);
			path = Transport;
			sourceTree = "<group>";
		};
/* End PBXGroup section */

/* Begin PBXNativeTarget section */
		0C6662DB2F534F350084DE6C /* PortWorld */ = {
			isa = PBXNativeTarget;
			buildConfigurationList = 0C6662E72F534F360084DE6C /* Build configuration list for PBXNativeTarget "PortWorld" */;
			buildPhases = (
				0C6662D82F534F350084DE6C /* Sources */,
				0C6662D92F534F350084DE6C /* Frameworks */,
				0C6662DA2F534F350084DE6C /* Resources */,
			);
			buildRules = (
			);
			dependencies = (
			);
			fileSystemSynchronizedGroups = (
				0C6662DE2F534F350084DE6C /* PortWorld */,
			);
			name = PortWorld;
			packageProductDependencies = (
				0C6663042F5351150084DE6C /* MWDATCamera */,
				0C6663062F5351150084DE6C /* MWDATCore */,
			);
			productName = PortWorld;
			productReference = 0C6662DC2F534F350084DE6C /* PortWorld.app */;
			productType = "com.apple.product-type.application";
		};
/* End PBXNativeTarget section */

/* Begin PBXProject section */
		0C6662D42F534F350084DE6C /* Project object */ = {
			isa = PBXProject;
			attributes = {
				BuildIndependentTargetsInParallel = 1;
				LastSwiftUpdateCheck = 2630;
				LastUpgradeCheck = 2630;
				TargetAttributes = {
					0C6662DB2F534F350084DE6C = {
						CreatedOnToolsVersion = 26.3;
					};
				};
			};
			buildConfigurationList = 0C6662D72F534F350084DE6C /* Build configuration list for PBXProject "PortWorld" */;
			developmentRegion = en;
			hasScannedForEncodings = 0;
			knownRegions = (
				en,
				Base,
			);
			mainGroup = 0C6662D32F534F350084DE6C;
			minimizedProjectReferenceProxies = 1;
			packageReferences = (
				0C6663032F5351150084DE6C /* XCRemoteSwiftPackageReference "meta-wearables-dat-ios" */,
			);
			preferredProjectObjectVersion = 77;
			productRefGroup = 0C6662DD2F534F350084DE6C /* Products */;
			projectDirPath = "";
			projectRoot = "";
			targets = (
				0C6662DB2F534F350084DE6C /* PortWorld */,
			);
		};
/* End PBXProject section */

/* Begin PBXResourcesBuildPhase section */
		0C6662DA2F534F350084DE6C /* Resources */ = {
			isa = PBXResourcesBuildPhase;
			buildActionMask = 2147483647;
			files = (
			);
			runOnlyForDeploymentPostprocessing = 0;
		};
/* End PBXResourcesBuildPhase section */

/* Begin PBXSourcesBuildPhase section */
		0C6662D82F534F350084DE6C /* Sources */ = {
			isa = PBXSourcesBuildPhase;
			buildActionMask = 2147483647;
			files = (
			);
			runOnlyForDeploymentPostprocessing = 0;
		};
/* End PBXSourcesBuildPhase section */

/* Begin XCBuildConfiguration section */
		0C6662E52F534F360084DE6C /* Debug */ = {
			isa = XCBuildConfiguration;
			baseConfigurationReference = 0C66636B2F5361000084DE6C /* Debug.xcconfig */;
			buildSettings = {
				ALWAYS_SEARCH_USER_PATHS = NO;
				ASSETCATALOG_COMPILER_GENERATE_SWIFT_ASSET_SYMBOL_EXTENSIONS = YES;
				CLANG_ANALYZER_NONNULL = YES;
				CLANG_ANALYZER_NUMBER_OBJECT_CONVERSION = YES_AGGRESSIVE;
				CLANG_CXX_LANGUAGE_STANDARD = "gnu++20";
				CLANG_ENABLE_MODULES = YES;
				CLANG_ENABLE_OBJC_ARC = YES;
				CLANG_ENABLE_OBJC_WEAK = YES;
				CLANG_WARN_BLOCK_CAPTURE_AUTORELEASING = YES;
				CLANG_WARN_BOOL_CONVERSION = YES;
				CLANG_WARN_COMMA = YES;
				CLANG_WARN_CONSTANT_CONVERSION = YES;
				CLANG_WARN_DEPRECATED_OBJC_IMPLEMENTATIONS = YES;
				CLANG_WARN_DIRECT_OBJC_ISA_USAGE = YES_ERROR;
				CLANG_WARN_DOCUMENTATION_COMMENTS = YES;
				CLANG_WARN_EMPTY_BODY = YES;
				CLANG_WARN_ENUM_CONVERSION = YES;
				CLANG_WARN_INFINITE_RECURSION = YES;
				CLANG_WARN_INT_CONVERSION = YES;
				CLANG_WARN_NON_LITERAL_NULL_CONVERSION = YES;
				CLANG_WARN_OBJC_IMPLICIT_RETAIN_SELF = YES;
				CLANG_WARN_OBJC_LITERAL_CONVERSION = YES;
				CLANG_WARN_OBJC_ROOT_CLASS = YES_ERROR;
				CLANG_WARN_QUOTED_INCLUDE_IN_FRAMEWORK_HEADER = YES;
				CLANG_WARN_RANGE_LOOP_ANALYSIS = YES;
				CLANG_WARN_STRICT_PROTOTYPES = YES;
				CLANG_WARN_SUSPICIOUS_MOVE = YES;
				CLANG_WARN_UNGUARDED_AVAILABILITY = YES_AGGRESSIVE;
				CLANG_WARN_UNREACHABLE_CODE = YES;
				CLANG_WARN__DUPLICATE_METHOD_MATCH = YES;
				COPY_PHASE_STRIP = NO;
				DEBUG_INFORMATION_FORMAT = dwarf;
				DEVELOPMENT_TEAM = 5YCVDGBTJR;
				ENABLE_STRICT_OBJC_MSGSEND = YES;
				ENABLE_TESTABILITY = YES;
				ENABLE_USER_SCRIPT_SANDBOXING = YES;
				GCC_C_LANGUAGE_STANDARD = gnu17;
				GCC_DYNAMIC_NO_PIC = NO;
				GCC_NO_COMMON_BLOCKS = YES;
				GCC_OPTIMIZATION_LEVEL = 0;
				GCC_PREPROCESSOR_DEFINITIONS = (
					"DEBUG=1",
					"$(inherited)",
				);
				GCC_WARN_64_TO_32_BIT_CONVERSION = YES;
				GCC_WARN_ABOUT_RETURN_TYPE = YES_ERROR;
				GCC_WARN_UNDECLARED_SELECTOR = YES;
				GCC_WARN_UNINITIALIZED_AUTOS = YES_AGGRESSIVE;
				GCC_WARN_UNUSED_FUNCTION = YES;
				GCC_WARN_UNUSED_VARIABLE = YES;
				IPHONEOS_DEPLOYMENT_TARGET = 17.0;
				LOCALIZATION_PREFERS_STRING_CATALOGS = YES;
				MTL_ENABLE_DEBUG_INFO = INCLUDE_SOURCE;
				MTL_FAST_MATH = YES;
				ONLY_ACTIVE_ARCH = YES;
				SDKROOT = iphoneos;
				SWIFT_ACTIVE_COMPILATION_CONDITIONS = "DEBUG $(inherited)";
				SWIFT_OPTIMIZATION_LEVEL = "-Onone";
			};
			name = Debug;
		};
		0C6662E62F534F360084DE6C /* Release */ = {
			isa = XCBuildConfiguration;
			baseConfigurationReference = 0C66636C2F5361000084DE6C /* Release.xcconfig */;
			buildSettings = {
				ALWAYS_SEARCH_USER_PATHS = NO;
				ASSETCATALOG_COMPILER_GENERATE_SWIFT_ASSET_SYMBOL_EXTENSIONS = YES;
				CLANG_ANALYZER_NONNULL = YES;
				CLANG_ANALYZER_NUMBER_OBJECT_CONVERSION = YES_AGGRESSIVE;
				CLANG_CXX_LANGUAGE_STANDARD = "gnu++20";
				CLANG_ENABLE_MODULES = YES;
				CLANG_ENABLE_OBJC_ARC = YES;
				CLANG_ENABLE_OBJC_WEAK = YES;
				CLANG_WARN_BLOCK_CAPTURE_AUTORELEASING = YES;
				CLANG_WARN_BOOL_CONVERSION = YES;
				CLANG_WARN_COMMA = YES;
				CLANG_WARN_CONSTANT_CONVERSION = YES;
				CLANG_WARN_DEPRECATED_OBJC_IMPLEMENTATIONS = YES;
				CLANG_WARN_DIRECT_OBJC_ISA_USAGE = YES_ERROR;
				CLANG_WARN_DOCUMENTATION_COMMENTS = YES;
				CLANG_WARN_EMPTY_BODY = YES;
				CLANG_WARN_ENUM_CONVERSION = YES;
				CLANG_WARN_INFINITE_RECURSION = YES;
				CLANG_WARN_INT_CONVERSION = YES;
				CLANG_WARN_NON_LITERAL_NULL_CONVERSION = YES;
				CLANG_WARN_OBJC_IMPLICIT_RETAIN_SELF = YES;
				CLANG_WARN_OBJC_LITERAL_CONVERSION = YES;
				CLANG_WARN_OBJC_ROOT_CLASS = YES_ERROR;
				CLANG_WARN_QUOTED_INCLUDE_IN_FRAMEWORK_HEADER = YES;
				CLANG_WARN_RANGE_LOOP_ANALYSIS = YES;
				CLANG_WARN_STRICT_PROTOTYPES = YES;
				CLANG_WARN_SUSPICIOUS_MOVE = YES;
				CLANG_WARN_UNGUARDED_AVAILABILITY = YES_AGGRESSIVE;
				CLANG_WARN_UNREACHABLE_CODE = YES;
				CLANG_WARN__DUPLICATE_METHOD_MATCH = YES;
				COPY_PHASE_STRIP = NO;
				DEBUG_INFORMATION_FORMAT = "dwarf-with-dsym";
				DEVELOPMENT_TEAM = 5YCVDGBTJR;
				ENABLE_NS_ASSERTIONS = NO;
				ENABLE_STRICT_OBJC_MSGSEND = YES;
				ENABLE_USER_SCRIPT_SANDBOXING = YES;
				GCC_C_LANGUAGE_STANDARD = gnu17;
				GCC_NO_COMMON_BLOCKS = YES;
				GCC_WARN_64_TO_32_BIT_CONVERSION = YES;
				GCC_WARN_ABOUT_RETURN_TYPE = YES_ERROR;
				GCC_WARN_UNDECLARED_SELECTOR = YES;
				GCC_WARN_UNINITIALIZED_AUTOS = YES_AGGRESSIVE;
				GCC_WARN_UNUSED_FUNCTION = YES;
				GCC_WARN_UNUSED_VARIABLE = YES;
				IPHONEOS_DEPLOYMENT_TARGET = 17.0;
				LOCALIZATION_PREFERS_STRING_CATALOGS = YES;
				MTL_ENABLE_DEBUG_INFO = NO;
				MTL_FAST_MATH = YES;
				SDKROOT = iphoneos;
				SWIFT_COMPILATION_MODE = wholemodule;
				VALIDATE_PRODUCT = YES;
			};
			name = Release;
		};
		0C6662E82F534F360084DE6C /* Debug */ = {
			isa = XCBuildConfiguration;
			baseConfigurationReference = 0C66636B2F5361000084DE6C /* Debug.xcconfig */;
			buildSettings = {
				ASSETCATALOG_COMPILER_APPICON_NAME = PortWorldIcon;
				ASSETCATALOG_COMPILER_GLOBAL_ACCENT_COLOR_NAME = AccentColor;
				CODE_SIGN_ENTITLEMENTS = PortWorld.entitlements;
				CODE_SIGN_STYLE = Automatic;
				CURRENT_PROJECT_VERSION = 1;
				DEVELOPMENT_TEAM = 5YCVDGBTJR;
				ENABLE_PREVIEWS = YES;
				GENERATE_INFOPLIST_FILE = NO;
				INFOPLIST_FILE = Info.plist;
				INFOPLIST_OTHER_PREPROCESSOR_FLAGS = "$(inherited) -traditional-cpp $(PORTWORLD_DAT_INFOPLIST_FLAGS)";
				INFOPLIST_PREPROCESS = YES;
				LD_RUNPATH_SEARCH_PATHS = (
					"$(inherited)",
					"@executable_path/Frameworks",
				);
				MARKETING_VERSION = 1.0;
				PORTWORLD_DAT_APP_LINK_URL_SCHEME = portworld;
				PORTWORLD_DAT_CLIENT_TOKEN = "";
				PORTWORLD_DAT_INFOPLIST_FLAGS = "";
				PORTWORLD_DAT_META_APP_ID = "";
				PRODUCT_BUNDLE_IDENTIFIER = MistralHackathon.PortWorld;
				PRODUCT_NAME = "$(TARGET_NAME)";
				STRING_CATALOG_GENERATE_SYMBOLS = YES;
				SWIFT_APPROACHABLE_CONCURRENCY = YES;
				SWIFT_DEFAULT_ACTOR_ISOLATION = MainActor;
				SWIFT_EMIT_LOC_STRINGS = YES;
				SWIFT_UPCOMING_FEATURE_MEMBER_IMPORT_VISIBILITY = YES;
				SWIFT_VERSION = 5.0;
				TARGETED_DEVICE_FAMILY = "1,2";
			};
			name = Debug;
		};
		0C6662E92F534F360084DE6C /* Release */ = {
			isa = XCBuildConfiguration;
			baseConfigurationReference = 0C66636C2F5361000084DE6C /* Release.xcconfig */;
			buildSettings = {
				ASSETCATALOG_COMPILER_APPICON_NAME = PortWorldIcon;
				ASSETCATALOG_COMPILER_GLOBAL_ACCENT_COLOR_NAME = AccentColor;
				CODE_SIGN_ENTITLEMENTS = PortWorld.entitlements;
				CODE_SIGN_STYLE = Automatic;
				CURRENT_PROJECT_VERSION = 1;
				DEVELOPMENT_TEAM = 5YCVDGBTJR;
				ENABLE_PREVIEWS = YES;
				GENERATE_INFOPLIST_FILE = NO;
				INFOPLIST_FILE = Info.plist;
				INFOPLIST_OTHER_PREPROCESSOR_FLAGS = "$(inherited) -traditional-cpp $(PORTWORLD_DAT_INFOPLIST_FLAGS)";
				INFOPLIST_PREPROCESS = YES;
				LD_RUNPATH_SEARCH_PATHS = (
					"$(inherited)",
					"@executable_path/Frameworks",
				);
				MARKETING_VERSION = 1.0;
				PORTWORLD_DAT_APP_LINK_URL_SCHEME = portworld;
				PORTWORLD_DAT_CLIENT_TOKEN = "";
				PORTWORLD_DAT_INFOPLIST_FLAGS = "";
				PORTWORLD_DAT_META_APP_ID = "";
				PRODUCT_BUNDLE_IDENTIFIER = MistralHackathon.PortWorld;
				PRODUCT_NAME = "$(TARGET_NAME)";
				STRING_CATALOG_GENERATE_SYMBOLS = YES;
				SWIFT_APPROACHABLE_CONCURRENCY = YES;
				SWIFT_DEFAULT_ACTOR_ISOLATION = MainActor;
				SWIFT_EMIT_LOC_STRINGS = YES;
				SWIFT_UPCOMING_FEATURE_MEMBER_IMPORT_VISIBILITY = YES;
				SWIFT_VERSION = 5.0;
				TARGETED_DEVICE_FAMILY = "1,2";
			};
			name = Release;
		};
/* End XCBuildConfiguration section */

/* Begin XCConfigurationList section */
		0C6662D72F534F350084DE6C /* Build configuration list for PBXProject "PortWorld" */ = {
			isa = XCConfigurationList;
			buildConfigurations = (
				0C6662E52F534F360084DE6C /* Debug */,
				0C6662E62F534F360084DE6C /* Release */,
			);
			defaultConfigurationIsVisible = 0;
			defaultConfigurationName = Release;
		};
		0C6662E72F534F360084DE6C /* Build configuration list for PBXNativeTarget "PortWorld" */ = {
			isa = XCConfigurationList;
			buildConfigurations = (
				0C6662E82F534F360084DE6C /* Debug */,
				0C6662E92F534F360084DE6C /* Release */,
			);
			defaultConfigurationIsVisible = 0;
			defaultConfigurationName = Release;
		};
/* End XCConfigurationList section */

/* Begin XCRemoteSwiftPackageReference section */
		0C6663032F5351150084DE6C /* XCRemoteSwiftPackageReference "meta-wearables-dat-ios" */ = {
			isa = XCRemoteSwiftPackageReference;
			repositoryURL = "https://github.com/facebook/meta-wearables-dat-ios";
			requirement = {
				kind = exactVersion;
				version = 0.5.0;
			};
		};
/* End XCRemoteSwiftPackageReference section */

/* Begin XCSwiftPackageProductDependency section */
		0C6663042F5351150084DE6C /* MWDATCamera */ = {
			isa = XCSwiftPackageProductDependency;
			package = 0C6663032F5351150084DE6C /* XCRemoteSwiftPackageReference "meta-wearables-dat-ios" */;
			productName = MWDATCamera;
		};
		0C6663062F5351150084DE6C /* MWDATCore */ = {
			isa = XCSwiftPackageProductDependency;
			package = 0C6663032F5351150084DE6C /* XCRemoteSwiftPackageReference "meta-wearables-dat-ios" */;
			productName = MWDATCore;
		};
/* End XCSwiftPackageProductDependency section */
	};
	rootObject = 0C6662D42F534F350084DE6C /* Project object */;
}
